
Microsoft Visual Studio Solution File, Format Version 12.00
# Visual Studio Version 16
VisualStudioVersion = 16.0.29326.143
MinimumVisualStudioVersion = 10.0.40219.1
Project("{9A19103F-16F7-4668-BE54-9A1E7A4F7556}") = "SOLIDPrinciple", "src\SOLID\SOLIDPrinciple\SOLIDPrinciple.csproj", "{5470CB1C-CBFB-47C9-8E43-4C9136686E7A}"
EndProject
Project("{2150E333-8FDC-42A3-9474-1A3956D46DE8}") = "SOLID", "SOLID", "{058E2CEE-2067-44C6-82E6-4E90B10800CD}"
EndProject
Project("{9A19103F-16F7-4668-BE54-9A1E7A4F7556}") = "HandsOnSOLID", "src\SOLID\HandsOnSOLID\HandsOnSOLID.csproj", "{58741FCB-D4F3-4782-903D-DFB4C7F7E9B0}"
EndProject
Project("{2150E333-8FDC-42A3-9474-1A3956D46DE8}") = "Solution Items", "Solution Items", "{E14F3666-1E44-49D6-806A-D1046653D647}"
EndProject
Global
	GlobalSection(SolutionConfigurationPlatforms) = preSolution
		Debug|Any CPU = Debug|Any CPU
		Debug|ARM = Debug|ARM
		Debug|ARM64 = Debug|ARM64
		Debug|x64 = Debug|x64
		Debug|x86 = Debug|x86
		Release|Any CPU = Release|Any CPU
		Release|ARM = Release|ARM
		Release|ARM64 = Release|ARM64
		Release|x64 = Release|x64
		Release|x86 = Release|x86
	EndGlobalSection
	GlobalSection(ProjectConfigurationPlatforms) = postSolution
		{5470CB1C-CBFB-47C9-8E43-4C9136686E7A}.Debug|Any CPU.ActiveCfg = Debug|Any CPU
		{5470CB1C-CBFB-47C9-8E43-4C9136686E7A}.Debug|Any CPU.Build.0 = Debug|Any CPU
		{5470CB1C-CBFB-47C9-8E43-4C9136686E7A}.Debug|ARM.ActiveCfg = Debug|Any CPU
		{5470CB1C-CBFB-47C9-8E43-4C9136686E7A}.Debug|ARM.Build.0 = Debug|Any CPU
		{5470CB1C-CBFB-47C9-8E43-4C9136686E7A}.Debug|ARM64.ActiveCfg = Debug|Any CPU
		{5470CB1C-CBFB-47C9-8E43-4C9136686E7A}.Debug|ARM64.Build.0 = Debug|Any CPU
		{5470CB1C-CBFB-47C9-8E43-4C9136686E7A}.Debug|x64.ActiveCfg = Debug|Any CPU
		{5470CB1C-CBFB-47C9-8E43-4C9136686E7A}.Debug|x64.Build.0 = Debug|Any CPU
		{5470CB1C-CBFB-47C9-8E43-4C9136686E7A}.Debug|x86.ActiveCfg = Debug|Any CPU
		{5470CB1C-CBFB-47C9-8E43-4C9136686E7A}.Debug|x86.Build.0 = Debug|Any CPU
		{5470CB1C-CBFB-47C9-8E43-4C9136686E7A}.Release|Any CPU.ActiveCfg = Release|Any CPU
		{5470CB1C-CBFB-47C9-8E43-4C9136686E7A}.Release|Any CPU.Build.0 = Release|Any CPU
		{5470CB1C-CBFB-47C9-8E43-4C9136686E7A}.Release|ARM.ActiveCfg = Release|Any CPU
		{5470CB1C-CBFB-47C9-8E43-4C9136686E7A}.Release|ARM.Build.0 = Release|Any CPU
		{5470CB1C-CBFB-47C9-8E43-4C9136686E7A}.Release|ARM64.ActiveCfg = Release|Any CPU
		{5470CB1C-CBFB-47C9-8E43-4C9136686E7A}.Release|ARM64.Build.0 = Release|Any CPU
		{5470CB1C-CBFB-47C9-8E43-4C9136686E7A}.Release|x64.ActiveCfg = Release|Any CPU
		{5470CB1C-CBFB-47C9-8E43-4C9136686E7A}.Release|x64.Build.0 = Release|Any CPU
		{5470CB1C-CBFB-47C9-8E43-4C9136686E7A}.Release|x86.ActiveCfg = Release|Any CPU
		{5470CB1C-CBFB-47C9-8E43-4C9136686E7A}.Release|x86.Build.0 = Release|Any CPU
		{58741FCB-D4F3-4782-903D-DFB4C7F7E9B0}.Debug|Any CPU.ActiveCfg = Debug|Any CPU
		{58741FCB-D4F3-4782-903D-DFB4C7F7E9B0}.Debug|Any CPU.Build.0 = Debug|Any CPU
		{58741FCB-D4F3-4782-903D-DFB4C7F7E9B0}.Debug|ARM.ActiveCfg = Debug|Any CPU
		{58741FCB-D4F3-4782-903D-DFB4C7F7E9B0}.Debug|ARM.Build.0 = Debug|Any CPU
		{58741FCB-D4F3-4782-903D-DFB4C7F7E9B0}.Debug|ARM64.ActiveCfg = Debug|Any CPU
		{58741FCB-D4F3-4782-903D-DFB4C7F7E9B0}.Debug|ARM64.Build.0 = Debug|Any CPU
		{58741FCB-D4F3-4782-903D-DFB4C7F7E9B0}.Debug|x64.ActiveCfg = Debug|Any CPU
		{58741FCB-D4F3-4782-903D-DFB4C7F7E9B0}.Debug|x64.Build.0 = Debug|Any CPU
		{58741FCB-D4F3-4782-903D-DFB4C7F7E9B0}.Debug|x86.ActiveCfg = Debug|Any CPU
		{58741FCB-D4F3-4782-903D-DFB4C7F7E9B0}.Debug|x86.Build.0 = Debug|Any CPU
		{58741FCB-D4F3-4782-903D-DFB4C7F7E9B0}.Release|Any CPU.ActiveCfg = Release|Any CPU
		{58741FCB-D4F3-4782-903D-DFB4C7F7E9B0}.Release|Any CPU.Build.0 = Release|Any CPU
		{58741FCB-D4F3-4782-903D-DFB4C7F7E9B0}.Release|ARM.ActiveCfg = Release|Any CPU
		{58741FCB-D4F3-4782-903D-DFB4C7F7E9B0}.Release|ARM.Build.0 = Release|Any CPU
		{58741FCB-D4F3-4782-903D-DFB4C7F7E9B0}.Release|ARM64.ActiveCfg = Release|Any CPU
		{58741FCB-D4F3-4782-903D-DFB4C7F7E9B0}.Release|ARM64.Build.0 = Release|Any CPU
		{58741FCB-D4F3-4782-903D-DFB4C7F7E9B0}.Release|x64.ActiveCfg = Release|Any CPU
		{58741FCB-D4F3-4782-903D-DFB4C7F7E9B0}.Release|x64.Build.0 = Release|Any CPU
		{58741FCB-D4F3-4782-903D-DFB4C7F7E9B0}.Release|x86.ActiveCfg = Release|Any CPU
		{58741FCB-D4F3-4782-903D-DFB4C7F7E9B0}.Release|x86.Build.0 = Release|Any CPU
	EndGlobalSection
	GlobalSection(SolutionProperties) = preSolution
		HideSolutionNode = FALSE
	EndGlobalSection
	GlobalSection(NestedProjects) = preSolution
		{5470CB1C-CBFB-47C9-8E43-4C9136686E7A} = {058E2CEE-2067-44C6-82E6-4E90B10800CD}
		{58741FCB-D4F3-4782-903D-DFB4C7F7E9B0} = {058E2CEE-2067-44C6-82E6-4E90B10800CD}
	EndGlobalSection
	GlobalSection(ExtensibilityGlobals) = postSolution
		SolutionGuid = {61B1DDA2-6E74-4AF2-AD9F-D93FFADE2674}
	EndGlobalSection
EndGlobal
